// !$*UTF8*$!
{
	archiveVersion = 1;
	classes = {
	};
	objectVersion = 56;
	objects = {

/* Begin PBXBuildFile section */
		4A75EB11292017570091B8BB /* minecraftserversApp.swift in Sources */ = {isa = PBXBuildFile; fileRef = 4A75EB10292017570091B8BB /* minecraftserversApp.swift */; };
		4A75EB13292017570091B8BB /* ServerListView.swift in Sources */ = {isa = PBXBuildFile; fileRef = 4A75EB12292017570091B8BB /* ServerListView.swift */; };
		4A75EB15292017580091B8BB /* Assets.xcassets in Resources */ = {isa = PBXBuildFile; fileRef = 4A75EB14292017580091B8BB /* Assets.xcassets */; };
		4A75EB422920196F0091B8BB /* Alamofire in Frameworks */ = {isa = PBXBuildFile; productRef = 4A75EB412920196F0091B8BB /* Alamofire */; };
		4A75EB452920199D0091B8BB /* ServerType.swift in Sources */ = {isa = PBXBuildFile; fileRef = 4A75EB442920199D0091B8BB /* ServerType.swift */; };
		4A75EB4729201A200091B8BB /* Server.swift in Sources */ = {isa = PBXBuildFile; fileRef = 4A75EB4629201A200091B8BB /* Server.swift */; };
		4A75EB4929201B710091B8BB /* Players.swift in Sources */ = {isa = PBXBuildFile; fileRef = 4A75EB4829201B710091B8BB /* Players.swift */; };
		4A75EB4C2920210C0091B8BB /* .gitignore in Resources */ = {isa = PBXBuildFile; fileRef = 4A75EB4B2920210C0091B8BB /* .gitignore */; };
		4A75EB4E292021C60091B8BB /* ServerStatusAPI.swift in Sources */ = {isa = PBXBuildFile; fileRef = 4A75EB4D292021C60091B8BB /* ServerStatusAPI.swift */; };
		4A75EB502920247A0091B8BB /* StoredServer.swift in Sources */ = {isa = PBXBuildFile; fileRef = 4A75EB4F2920247A0091B8BB /* StoredServer.swift */; };
		4A75EB532920281C0091B8BB /* Realm in Frameworks */ = {isa = PBXBuildFile; productRef = 4A75EB522920281C0091B8BB /* Realm */; };
		4A75EB552920281C0091B8BB /* RealmSwift in Frameworks */ = {isa = PBXBuildFile; productRef = 4A75EB542920281C0091B8BB /* RealmSwift */; };
		4A75EB58292031E70091B8BB /* ServerFormView.swift in Sources */ = {isa = PBXBuildFile; fileRef = 4A75EB57292031E70091B8BB /* ServerFormView.swift */; };
		4A75EB5B292046D90091B8BB /* ServerRow.swift in Sources */ = {isa = PBXBuildFile; fileRef = 4A75EB5A292046D90091B8BB /* ServerRow.swift */; };
		4A75EB5E292048390091B8BB /* StoredServerMocks.swift in Sources */ = {isa = PBXBuildFile; fileRef = 4A75EB5D292048390091B8BB /* StoredServerMocks.swift */; };
		4A75EB61292052080091B8BB /* DataUpdater.swift in Sources */ = {isa = PBXBuildFile; fileRef = 4A75EB60292052080091B8BB /* DataUpdater.swift */; };
/* End PBXBuildFile section */

/* Begin PBXCopyFilesBuildPhase section */
		4A75EB772920698B0091B8BB /* Embed Watch Content */ = {
			isa = PBXCopyFilesBuildPhase;
			buildActionMask = 2147483647;
			dstPath = "$(CONTENTS_FOLDER_PATH)/Watch";
			dstSubfolderSpec = 16;
			files = (
			);
			name = "Embed Watch Content";
			runOnlyForDeploymentPostprocessing = 0;
		};
/* End PBXCopyFilesBuildPhase section */

/* Begin PBXFileReference section */
		4A75EB0D292017570091B8BB /* minecraftservers.app */ = {isa = PBXFileReference; explicitFileType = wrapper.application; includeInIndex = 0; path = minecraftservers.app; sourceTree = BUILT_PRODUCTS_DIR; };
		4A75EB10292017570091B8BB /* minecraftserversApp.swift */ = {isa = PBXFileReference; lastKnownFileType = sourcecode.swift; path = minecraftserversApp.swift; sourceTree = "<group>"; };
		4A75EB12292017570091B8BB /* ServerListView.swift */ = {isa = PBXFileReference; lastKnownFileType = sourcecode.swift; path = ServerListView.swift; sourceTree = "<group>"; };
		4A75EB14292017580091B8BB /* Assets.xcassets */ = {isa = PBXFileReference; lastKnownFileType = folder.assetcatalog; path = Assets.xcassets; sourceTree = "<group>"; };
		4A75EB1E292017580091B8BB /* Info.plist */ = {isa = PBXFileReference; lastKnownFileType = text.plist.xml; path = Info.plist; sourceTree = "<group>"; };
		4A75EB442920199D0091B8BB /* ServerType.swift */ = {isa = PBXFileReference; lastKnownFileType = sourcecode.swift; path = ServerType.swift; sourceTree = "<group>"; };
		4A75EB4629201A200091B8BB /* Server.swift */ = {isa = PBXFileReference; lastKnownFileType = sourcecode.swift; path = Server.swift; sourceTree = "<group>"; };
		4A75EB4829201B710091B8BB /* Players.swift */ = {isa = PBXFileReference; lastKnownFileType = sourcecode.swift; path = Players.swift; sourceTree = "<group>"; };
		4A75EB4B2920210C0091B8BB /* .gitignore */ = {isa = PBXFileReference; lastKnownFileType = text; path = .gitignore; sourceTree = "<group>"; };
		4A75EB4D292021C60091B8BB /* ServerStatusAPI.swift */ = {isa = PBXFileReference; lastKnownFileType = sourcecode.swift; path = ServerStatusAPI.swift; sourceTree = "<group>"; };
		4A75EB4F2920247A0091B8BB /* StoredServer.swift */ = {isa = PBXFileReference; lastKnownFileType = sourcecode.swift; path = StoredServer.swift; sourceTree = "<group>"; };
		4A75EB57292031E70091B8BB /* ServerFormView.swift */ = {isa = PBXFileReference; lastKnownFileType = sourcecode.swift; path = ServerFormView.swift; sourceTree = "<group>"; };
		4A75EB5A292046D90091B8BB /* ServerRow.swift */ = {isa = PBXFileReference; lastKnownFileType = sourcecode.swift; path = ServerRow.swift; sourceTree = "<group>"; };
		4A75EB5D292048390091B8BB /* StoredServerMocks.swift */ = {isa = PBXFileReference; lastKnownFileType = sourcecode.swift; path = StoredServerMocks.swift; sourceTree = "<group>"; };
		4A75EB60292052080091B8BB /* DataUpdater.swift */ = {isa = PBXFileReference; lastKnownFileType = sourcecode.swift; path = DataUpdater.swift; sourceTree = "<group>"; };
/* End PBXFileReference section */

/* Begin PBXFrameworksBuildPhase section */
		4A75EB0A292017570091B8BB /* Frameworks */ = {
			isa = PBXFrameworksBuildPhase;
			buildActionMask = 2147483647;
			files = (
				4A75EB552920281C0091B8BB /* RealmSwift in Frameworks */,
				4A75EB532920281C0091B8BB /* Realm in Frameworks */,
				4A75EB422920196F0091B8BB /* Alamofire in Frameworks */,
			);
			runOnlyForDeploymentPostprocessing = 0;
		};
/* End PBXFrameworksBuildPhase section */

/* Begin PBXGroup section */
		4A75EB04292017570091B8BB = {
			isa = PBXGroup;
			children = (
				4A75EB4B2920210C0091B8BB /* .gitignore */,
				4A75EB0F292017570091B8BB /* minecraftservers */,
				4A75EB0E292017570091B8BB /* Products */,
			);
			sourceTree = "<group>";
		};
		4A75EB0E292017570091B8BB /* Products */ = {
			isa = PBXGroup;
			children = (
				4A75EB0D292017570091B8BB /* minecraftservers.app */,
			);
			name = Products;
			sourceTree = "<group>";
		};
		4A75EB0F292017570091B8BB /* minecraftservers */ = {
			isa = PBXGroup;
			children = (
				4A75EB5629202C4D0091B8BB /* Views */,
				4A75EB43292019780091B8BB /* Models */,
				4A75EB4A292020C40091B8BB /* Networking */,
				4A75EB5F292051F80091B8BB /* Updater */,
				4A75EB10292017570091B8BB /* minecraftserversApp.swift */,
				4A75EB14292017580091B8BB /* Assets.xcassets */,
				4A75EB1E292017580091B8BB /* Info.plist */,
			);
			path = minecraftservers;
			sourceTree = "<group>";
		};
		4A75EB43292019780091B8BB /* Models */ = {
			isa = PBXGroup;
			children = (
				4A75EB59292035C20091B8BB /* Network */,
				4A75EB5C292048270091B8BB /* Mocks */,
				4A75EB4F2920247A0091B8BB /* StoredServer.swift */,
				4A75EB442920199D0091B8BB /* ServerType.swift */,
			);
			path = Models;
			sourceTree = "<group>";
		};
		4A75EB4A292020C40091B8BB /* Networking */ = {
			isa = PBXGroup;
			children = (
				4A75EB4D292021C60091B8BB /* ServerStatusAPI.swift */,
			);
			path = Networking;
			sourceTree = "<group>";
		};
		4A75EB5629202C4D0091B8BB /* Views */ = {
			isa = PBXGroup;
			children = (
				4A75EB12292017570091B8BB /* ServerListView.swift */,
				4A75EB57292031E70091B8BB /* ServerFormView.swift */,
				4A75EB5A292046D90091B8BB /* ServerRow.swift */,
			);
			path = Views;
			sourceTree = "<group>";
		};
		4A75EB59292035C20091B8BB /* Network */ = {
			isa = PBXGroup;
			children = (
				4A75EB4629201A200091B8BB /* Server.swift */,
				4A75EB4829201B710091B8BB /* Players.swift */,
			);
			path = Network;
			sourceTree = "<group>";
		};
		4A75EB5C292048270091B8BB /* Mocks */ = {
			isa = PBXGroup;
			children = (
				4A75EB5D292048390091B8BB /* StoredServerMocks.swift */,
			);
			path = Mocks;
			sourceTree = "<group>";
		};
		4A75EB5F292051F80091B8BB /* Updater */ = {
			isa = PBXGroup;
			children = (
				4A75EB60292052080091B8BB /* DataUpdater.swift */,
			);
			path = Updater;
			sourceTree = "<group>";
		};
/* End PBXGroup section */

/* Begin PBXNativeTarget section */
		4A75EB0C292017570091B8BB /* minecraftservers */ = {
			isa = PBXNativeTarget;
			buildConfigurationList = 4A75EB37292017590091B8BB /* Build configuration list for PBXNativeTarget "minecraftservers" */;
			buildPhases = (
				4A75EB09292017570091B8BB /* Sources */,
				4A75EB0A292017570091B8BB /* Frameworks */,
				4A75EB0B292017570091B8BB /* Resources */,
				4A75EB772920698B0091B8BB /* Embed Watch Content */,
			);
			buildRules = (
			);
			dependencies = (
			);
			name = minecraftservers;
			packageProductDependencies = (
				4A75EB412920196F0091B8BB /* Alamofire */,
				4A75EB522920281C0091B8BB /* Realm */,
				4A75EB542920281C0091B8BB /* RealmSwift */,
			);
			productName = minecraftservers;
			productReference = 4A75EB0D292017570091B8BB /* minecraftservers.app */;
			productType = "com.apple.product-type.application";
		};
/* End PBXNativeTarget section */

/* Begin PBXProject section */
		4A75EB05292017570091B8BB /* Project object */ = {
			isa = PBXProject;
			attributes = {
				BuildIndependentTargetsInParallel = 1;
				LastSwiftUpdateCheck = 1410;
				LastUpgradeCheck = 1410;
				TargetAttributes = {
					4A75EB0C292017570091B8BB = {
						CreatedOnToolsVersion = 14.1;
					};
				};
			};
			buildConfigurationList = 4A75EB08292017570091B8BB /* Build configuration list for PBXProject "minecraftservers" */;
			compatibilityVersion = "Xcode 14.0";
			developmentRegion = en;
			hasScannedForEncodings = 0;
			knownRegions = (
				en,
				Base,
			);
			mainGroup = 4A75EB04292017570091B8BB;
			packageReferences = (
				4A75EB402920196F0091B8BB /* XCRemoteSwiftPackageReference "Alamofire" */,
				4A75EB512920281C0091B8BB /* XCRemoteSwiftPackageReference "realm-swift" */,
			);
			productRefGroup = 4A75EB0E292017570091B8BB /* Products */;
			projectDirPath = "";
			projectRoot = "";
			targets = (
				4A75EB0C292017570091B8BB /* minecraftservers */,
			);
		};
/* End PBXProject section */

/* Begin PBXResourcesBuildPhase section */
		4A75EB0B292017570091B8BB /* Resources */ = {
			isa = PBXResourcesBuildPhase;
			buildActionMask = 2147483647;
			files = (
				4A75EB4C2920210C0091B8BB /* .gitignore in Resources */,
				4A75EB15292017580091B8BB /* Assets.xcassets in Resources */,
			);
			runOnlyForDeploymentPostprocessing = 0;
		};
/* End PBXResourcesBuildPhase section */

/* Begin PBXSourcesBuildPhase section */
		4A75EB09292017570091B8BB /* Sources */ = {
			isa = PBXSourcesBuildPhase;
			buildActionMask = 2147483647;
			files = (
				4A75EB502920247A0091B8BB /* StoredServer.swift in Sources */,
				4A75EB61292052080091B8BB /* DataUpdater.swift in Sources */,
				4A75EB452920199D0091B8BB /* ServerType.swift in Sources */,
				4A75EB4929201B710091B8BB /* Players.swift in Sources */,
				4A75EB5B292046D90091B8BB /* ServerRow.swift in Sources */,
				4A75EB13292017570091B8BB /* ServerListView.swift in Sources */,
				4A75EB5E292048390091B8BB /* StoredServerMocks.swift in Sources */,
				4A75EB4E292021C60091B8BB /* ServerStatusAPI.swift in Sources */,
				4A75EB58292031E70091B8BB /* ServerFormView.swift in Sources */,
				4A75EB4729201A200091B8BB /* Server.swift in Sources */,
				4A75EB11292017570091B8BB /* minecraftserversApp.swift in Sources */,
			);
			runOnlyForDeploymentPostprocessing = 0;
		};
/* End PBXSourcesBuildPhase section */

/* Begin XCBuildConfiguration section */
		4A75EB35292017590091B8BB /* Debug */ = {
			isa = XCBuildConfiguration;
			buildSettings = {
				ALWAYS_SEARCH_USER_PATHS = NO;
				CLANG_ANALYZER_NONNULL = YES;
				CLANG_ANALYZER_NUMBER_OBJECT_CONVERSION = YES_AGGRESSIVE;
				CLANG_CXX_LANGUAGE_STANDARD = "gnu++20";
				CLANG_ENABLE_MODULES = YES;
				CLANG_ENABLE_OBJC_ARC = YES;
				CLANG_ENABLE_OBJC_WEAK = YES;
				CLANG_WARN_BLOCK_CAPTURE_AUTORELEASING = YES;
				CLANG_WARN_BOOL_CONVERSION = YES;
				CLANG_WARN_COMMA = YES;
				CLANG_WARN_CONSTANT_CONVERSION = YES;
				CLANG_WARN_DEPRECATED_OBJC_IMPLEMENTATIONS = YES;
				CLANG_WARN_DIRECT_OBJC_ISA_USAGE = YES_ERROR;
				CLANG_WARN_DOCUMENTATION_COMMENTS = YES;
				CLANG_WARN_EMPTY_BODY = YES;
				CLANG_WARN_ENUM_CONVERSION = YES;
				CLANG_WARN_INFINITE_RECURSION = YES;
				CLANG_WARN_INT_CONVERSION = YES;
				CLANG_WARN_NON_LITERAL_NULL_CONVERSION = YES;
				CLANG_WARN_OBJC_IMPLICIT_RETAIN_SELF = YES;
				CLANG_WARN_OBJC_LITERAL_CONVERSION = YES;
				CLANG_WARN_OBJC_ROOT_CLASS = YES_ERROR;
				CLANG_WARN_QUOTED_INCLUDE_IN_FRAMEWORK_HEADER = YES;
				CLANG_WARN_RANGE_LOOP_ANALYSIS = YES;
				CLANG_WARN_STRICT_PROTOTYPES = YES;
				CLANG_WARN_SUSPICIOUS_MOVE = YES;
				CLANG_WARN_UNGUARDED_AVAILABILITY = YES_AGGRESSIVE;
				CLANG_WARN_UNREACHABLE_CODE = YES;
				CLANG_WARN__DUPLICATE_METHOD_MATCH = YES;
				COPY_PHASE_STRIP = NO;
				DEBUG_INFORMATION_FORMAT = dwarf;
				ENABLE_STRICT_OBJC_MSGSEND = YES;
				ENABLE_TESTABILITY = YES;
				GCC_C_LANGUAGE_STANDARD = gnu11;
				GCC_DYNAMIC_NO_PIC = NO;
				GCC_NO_COMMON_BLOCKS = YES;
				GCC_OPTIMIZATION_LEVEL = 0;
				GCC_PREPROCESSOR_DEFINITIONS = (
					"DEBUG=1",
					"$(inherited)",
				);
				GCC_WARN_64_TO_32_BIT_CONVERSION = YES;
				GCC_WARN_ABOUT_RETURN_TYPE = YES_ERROR;
				GCC_WARN_UNDECLARED_SELECTOR = YES;
				GCC_WARN_UNINITIALIZED_AUTOS = YES_AGGRESSIVE;
				GCC_WARN_UNUSED_FUNCTION = YES;
				GCC_WARN_UNUSED_VARIABLE = YES;
				IPHONEOS_DEPLOYMENT_TARGET = 16.1;
				MTL_ENABLE_DEBUG_INFO = INCLUDE_SOURCE;
				MTL_FAST_MATH = YES;
				ONLY_ACTIVE_ARCH = YES;
				SDKROOT = iphoneos;
				SWIFT_ACTIVE_COMPILATION_CONDITIONS = DEBUG;
				SWIFT_OPTIMIZATION_LEVEL = "-Onone";
			};
			name = Debug;
		};
		4A75EB36292017590091B8BB /* Release */ = {
			isa = XCBuildConfiguration;
			buildSettings = {
				ALWAYS_SEARCH_USER_PATHS = NO;
				CLANG_ANALYZER_NONNULL = YES;
				CLANG_ANALYZER_NUMBER_OBJECT_CONVERSION = YES_AGGRESSIVE;
				CLANG_CXX_LANGUAGE_STANDARD = "gnu++20";
				CLANG_ENABLE_MODULES = YES;
				CLANG_ENABLE_OBJC_ARC = YES;
				CLANG_ENABLE_OBJC_WEAK = YES;
				CLANG_WARN_BLOCK_CAPTURE_AUTORELEASING = YES;
				CLANG_WARN_BOOL_CONVERSION = YES;
				CLANG_WARN_COMMA = YES;
				CLANG_WARN_CONSTANT_CONVERSION = YES;
				CLANG_WARN_DEPRECATED_OBJC_IMPLEMENTATIONS = YES;
				CLANG_WARN_DIRECT_OBJC_ISA_USAGE = YES_ERROR;
				CLANG_WARN_DOCUMENTATION_COMMENTS = YES;
				CLANG_WARN_EMPTY_BODY = YES;
				CLANG_WARN_ENUM_CONVERSION = YES;
				CLANG_WARN_INFINITE_RECURSION = YES;
				CLANG_WARN_INT_CONVERSION = YES;
				CLANG_WARN_NON_LITERAL_NULL_CONVERSION = YES;
				CLANG_WARN_OBJC_IMPLICIT_RETAIN_SELF = YES;
				CLANG_WARN_OBJC_LITERAL_CONVERSION = YES;
				CLANG_WARN_OBJC_ROOT_CLASS = YES_ERROR;
				CLANG_WARN_QUOTED_INCLUDE_IN_FRAMEWORK_HEADER = YES;
				CLANG_WARN_RANGE_LOOP_ANALYSIS = YES;
				CLANG_WARN_STRICT_PROTOTYPES = YES;
				CLANG_WARN_SUSPICIOUS_MOVE = YES;
				CLANG_WARN_UNGUARDED_AVAILABILITY = YES_AGGRESSIVE;
				CLANG_WARN_UNREACHABLE_CODE = YES;
				CLANG_WARN__DUPLICATE_METHOD_MATCH = YES;
				COPY_PHASE_STRIP = NO;
				DEBUG_INFORMATION_FORMAT = "dwarf-with-dsym";
				ENABLE_NS_ASSERTIONS = NO;
				ENABLE_STRICT_OBJC_MSGSEND = YES;
				GCC_C_LANGUAGE_STANDARD = gnu11;
				GCC_NO_COMMON_BLOCKS = YES;
				GCC_WARN_64_TO_32_BIT_CONVERSION = YES;
				GCC_WARN_ABOUT_RETURN_TYPE = YES_ERROR;
				GCC_WARN_UNDECLARED_SELECTOR = YES;
				GCC_WARN_UNINITIALIZED_AUTOS = YES_AGGRESSIVE;
				GCC_WARN_UNUSED_FUNCTION = YES;
				GCC_WARN_UNUSED_VARIABLE = YES;
				IPHONEOS_DEPLOYMENT_TARGET = 16.1;
				MTL_ENABLE_DEBUG_INFO = NO;
				MTL_FAST_MATH = YES;
				SDKROOT = iphoneos;
				SWIFT_COMPILATION_MODE = wholemodule;
				SWIFT_OPTIMIZATION_LEVEL = "-O";
				VALIDATE_PRODUCT = YES;
			};
			name = Release;
		};
		4A75EB38292017590091B8BB /* Debug */ = {
			isa = XCBuildConfiguration;
			buildSettings = {
				ASSETCATALOG_COMPILER_APPICON_NAME = AppIcon;
				ASSETCATALOG_COMPILER_GLOBAL_ACCENT_COLOR_NAME = AccentColor;
				CODE_SIGN_STYLE = Automatic;
				CURRENT_PROJECT_VERSION = 1;
				DEVELOPMENT_ASSET_PATHS = "";
				DEVELOPMENT_TEAM = BK6SYNX968;
				ENABLE_PREVIEWS = YES;
				GENERATE_INFOPLIST_FILE = YES;
				INFOPLIST_KEY_CFBundleDisplayName = "MC Servers";
				INFOPLIST_KEY_LSApplicationCategoryType = "public.app-category.utilities";
				INFOPLIST_KEY_UIApplicationSceneManifest_Generation = YES;
				INFOPLIST_KEY_UIApplicationSupportsIndirectInputEvents = YES;
				INFOPLIST_KEY_UILaunchScreen_Generation = YES;
				INFOPLIST_KEY_UISupportedInterfaceOrientations_iPad = "UIInterfaceOrientationPortrait UIInterfaceOrientationPortraitUpsideDown UIInterfaceOrientationLandscapeLeft UIInterfaceOrientationLandscapeRight";
				INFOPLIST_KEY_UISupportedInterfaceOrientations_iPhone = "UIInterfaceOrientationPortrait UIInterfaceOrientationLandscapeLeft UIInterfaceOrientationLandscapeRight";
				LD_RUNPATH_SEARCH_PATHS = (
					"$(inherited)",
					"@executable_path/Frameworks",
				);
				MARKETING_VERSION = 1.0;
				PRODUCT_BUNDLE_IDENTIFIER = com.maldahleh.minecraftservers;
				PRODUCT_NAME = "$(TARGET_NAME)";
				SWIFT_EMIT_LOC_STRINGS = YES;
				SWIFT_VERSION = 5.0;
				TARGETED_DEVICE_FAMILY = "1,2";
			};
			name = Debug;
		};
		4A75EB39292017590091B8BB /* Release */ = {
			isa = XCBuildConfiguration;
			buildSettings = {
				ASSETCATALOG_COMPILER_APPICON_NAME = AppIcon;
				ASSETCATALOG_COMPILER_GLOBAL_ACCENT_COLOR_NAME = AccentColor;
				CODE_SIGN_STYLE = Automatic;
				CURRENT_PROJECT_VERSION = 1;
				DEVELOPMENT_ASSET_PATHS = "";
				DEVELOPMENT_TEAM = BK6SYNX968;
				ENABLE_PREVIEWS = YES;
				GENERATE_INFOPLIST_FILE = YES;
				INFOPLIST_KEY_CFBundleDisplayName = "MC Servers";
				INFOPLIST_KEY_LSApplicationCategoryType = "public.app-category.utilities";
				INFOPLIST_KEY_UIApplicationSceneManifest_Generation = YES;
				INFOPLIST_KEY_UIApplicationSupportsIndirectInputEvents = YES;
				INFOPLIST_KEY_UILaunchScreen_Generation = YES;
				INFOPLIST_KEY_UISupportedInterfaceOrientations_iPad = "UIInterfaceOrientationPortrait UIInterfaceOrientationPortraitUpsideDown UIInterfaceOrientationLandscapeLeft UIInterfaceOrientationLandscapeRight";
				INFOPLIST_KEY_UISupportedInterfaceOrientations_iPhone = "UIInterfaceOrientationPortrait UIInterfaceOrientationLandscapeLeft UIInterfaceOrientationLandscapeRight";
				LD_RUNPATH_SEARCH_PATHS = (
					"$(inherited)",
					"@executable_path/Frameworks",
				);
				MARKETING_VERSION = 1.0;
				PRODUCT_BUNDLE_IDENTIFIER = com.maldahleh.minecraftservers;
				PRODUCT_NAME = "$(TARGET_NAME)";
				SWIFT_EMIT_LOC_STRINGS = YES;
				SWIFT_VERSION = 5.0;
				TARGETED_DEVICE_FAMILY = "1,2";
			};
			name = Release;
		};
/* End XCBuildConfiguration section */

/* Begin XCConfigurationList section */
		4A75EB08292017570091B8BB /* Build configuration list for PBXProject "minecraftservers" */ = {
			isa = XCConfigurationList;
			buildConfigurations = (
				4A75EB35292017590091B8BB /* Debug */,
				4A75EB36292017590091B8BB /* Release */,
			);
			defaultConfigurationIsVisible = 0;
			defaultConfigurationName = Release;
		};
		4A75EB37292017590091B8BB /* Build configuration list for PBXNativeTarget "minecraftservers" */ = {
			isa = XCConfigurationList;
			buildConfigurations = (
				4A75EB38292017590091B8BB /* Debug */,
				4A75EB39292017590091B8BB /* Release */,
			);
			defaultConfigurationIsVisible = 0;
			defaultConfigurationName = Release;
		};
/* End XCConfigurationList section */

/* Begin XCRemoteSwiftPackageReference section */
		4A75EB402920196F0091B8BB /* XCRemoteSwiftPackageReference "Alamofire" */ = {
			isa = XCRemoteSwiftPackageReference;
			repositoryURL = "https://github.com/Alamofire/Alamofire.git";
			requirement = {
				branch = master;
				kind = branch;
			};
		};
		4A75EB512920281C0091B8BB /* XCRemoteSwiftPackageReference "realm-swift" */ = {
			isa = XCRemoteSwiftPackageReference;
			repositoryURL = "https://github.com/realm/realm-swift.git";
			requirement = {
				branch = master;
				kind = branch;
			};
		};
/* End XCRemoteSwiftPackageReference section */

/* Begin XCSwiftPackageProductDependency section */
		4A75EB412920196F0091B8BB /* Alamofire */ = {
			isa = XCSwiftPackageProductDependency;
			package = 4A75EB402920196F0091B8BB /* XCRemoteSwiftPackageReference "Alamofire" */;
			productName = Alamofire;
		};
		4A75EB522920281C0091B8BB /* Realm */ = {
			isa = XCSwiftPackageProductDependency;
			package = 4A75EB512920281C0091B8BB /* XCRemoteSwiftPackageReference "realm-swift" */;
			productName = Realm;
		};
		4A75EB542920281C0091B8BB /* RealmSwift */ = {
			isa = XCSwiftPackageProductDependency;
			package = 4A75EB512920281C0091B8BB /* XCRemoteSwiftPackageReference "realm-swift" */;
			productName = RealmSwift;
		};
/* End XCSwiftPackageProductDependency section */
	};
	rootObject = 4A75EB05292017570091B8BB /* Project object */;
}
